
Microsoft Visual Studio Solution File, Format Version 12.00
# Visual Studio Version 16
VisualStudioVersion = 16.0.31515.178
MinimumVisualStudioVersion = 10.0.40219.1
Project("{FAE04EC0-301F-11D3-BF4B-00C04F79EFBC}") = "ProxyServer", "ProxyServer\ProxyServer.csproj", "{50694D6A-2E77-4B39-8455-6ED31B6CBE4C}"
EndProject
Project("{9A19103F-16F7-4668-BE54-9A1E7A4F7556}") = "Core.ProxyServer", "Core.ProxyServer\Core.ProxyServer.csproj", "{F22AC0A9-0BD0-436A-A61A-52434CD3FAA7}"
EndProject
Global
	GlobalSection(SolutionConfigurationPlatforms) = preSolution
		Debug|Any CPU = Debug|Any CPU
		Release|Any CPU = Release|Any CPU
	EndGlobalSection
	GlobalSection(ProjectConfigurationPlatforms) = postSolution
		{50694D6A-2E77-4B39-8455-6ED31B6CBE4C}.Debug|Any CPU.ActiveCfg = Debug|Any CPU
		{50694D6A-2E77-4B39-8455-6ED31B6CBE4C}.Debug|Any CPU.Build.0 = Debug|Any CPU
		{50694D6A-2E77-4B39-8455-6ED31B6CBE4C}.Release|Any CPU.ActiveCfg = Release|Any CPU
		{50694D6A-2E77-4B39-8455-6ED31B6CBE4C}.Release|Any CPU.Build.0 = Release|Any CPU
		{F22AC0A9-0BD0-436A-A61A-52434CD3FAA7}.Debug|Any CPU.ActiveCfg = Debug|Any CPU
		{F22AC0A9-0BD0-436A-A61A-52434CD3FAA7}.Debug|Any CPU.Build.0 = Debug|Any CPU
		{F22AC0A9-0BD0-436A-A61A-52434CD3FAA7}.Release|Any CPU.ActiveCfg = Release|Any CPU
		{F22AC0A9-0BD0-436A-A61A-52434CD3FAA7}.Release|Any CPU.Build.0 = Release|Any CPU
	EndGlobalSection
	GlobalSection(SolutionProperties) = preSolution
		HideSolutionNode = FALSE
	EndGlobalSection
	GlobalSection(ExtensibilityGlobals) = postSolution
		SolutionGuid = {923FDAF2-CF98-4A4B-A74E-72B0867375FA}
	EndGlobalSection
EndGlobal
